
Microsoft Visual Studio Solution File, Format Version 12.00
# Visual Studio Version 17
VisualStudioVersion = 17.4.32804.182
MinimumVisualStudioVersion = 10.0.40219.1
Project("{FAE04EC0-301F-11D3-BF4B-00C04F79EFBC}") = "YandexGo.UWP", "YandexGo\YandexGo.UWP\YandexGo.UWP.csproj", "{1C61DC5C-2E2E-44B3-886F-ED812D9CB745}"
EndProject
Project("{FAE04EC0-301F-11D3-BF4B-00C04F79EFBC}") = "YandexGo.Android", "YandexGo\YandexGo.Android\YandexGo.Android.csproj", "{522D7C6B-B387-4D6D-BEE0-B37B070DCCA2}"
EndProject
Project("{FAE04EC0-301F-11D3-BF4B-00C04F79EFBC}") = "YandexGo.iOS", "YandexGo\YandexGo.iOS\YandexGo.iOS.csproj", "{AE85216C-3C90-4769-B8F2-A4197DFA643B}"
EndProject
Project("{FAE04EC0-301F-11D3-BF4B-00C04F79EFBC}") = "YandexGo", "YandexGo\YandexGo\YandexGo.csproj", "{AAEF5AA3-45EB-4464-9212-6A3E834DD21E}"
EndProject
Project("{FAE04EC0-301F-11D3-BF4B-00C04F79EFBC}") = "YaGoLib", "YandexGo\YaGoLib\YaGoLib.csproj", "{89AA7C10-54BC-4B8B-A504-AF67A1814468}"
EndProject
Global
	GlobalSection(SolutionConfigurationPlatforms) = preSolution
		Debug|Any CPU = Debug|Any CPU
		Debug|ARM = Debug|ARM
		Debug|iPhone = Debug|iPhone
		Debug|iPhoneSimulator = Debug|iPhoneSimulator
		Debug|x64 = Debug|x64
		Debug|x86 = Debug|x86
		Release|Any CPU = Release|Any CPU
		Release|ARM = Release|ARM
		Release|iPhone = Release|iPhone
		Release|iPhoneSimulator = Release|iPhoneSimulator
		Release|x64 = Release|x64
		Release|x86 = Release|x86
	EndGlobalSection
	GlobalSection(ProjectConfigurationPlatforms) = postSolution
		{1C61DC5C-2E2E-44B3-886F-ED812D9CB745}.Debug|Any CPU.ActiveCfg = Debug|x64
		{1C61DC5C-2E2E-44B3-886F-ED812D9CB745}.Debug|Any CPU.Build.0 = Debug|x64
		{1C61DC5C-2E2E-44B3-886F-ED812D9CB745}.Debug|Any CPU.Deploy.0 = Debug|x64
		{1C61DC5C-2E2E-44B3-886F-ED812D9CB745}.Debug|ARM.ActiveCfg = Debug|ARM
		{1C61DC5C-2E2E-44B3-886F-ED812D9CB745}.Debug|ARM.Build.0 = Debug|ARM
		{1C61DC5C-2E2E-44B3-886F-ED812D9CB745}.Debug|ARM.Deploy.0 = Debug|ARM
		{1C61DC5C-2E2E-44B3-886F-ED812D9CB745}.Debug|iPhone.ActiveCfg = Debug|x64
		{1C61DC5C-2E2E-44B3-886F-ED812D9CB745}.Debug|iPhone.Build.0 = Debug|x64
		{1C61DC5C-2E2E-44B3-886F-ED812D9CB745}.Debug|iPhone.Deploy.0 = Debug|x64
		{1C61DC5C-2E2E-44B3-886F-ED812D9CB745}.Debug|iPhoneSimulator.ActiveCfg = Debug|x64
		{1C61DC5C-2E2E-44B3-886F-ED812D9CB745}.Debug|iPhoneSimulator.Build.0 = Debug|x64
		{1C61DC5C-2E2E-44B3-886F-ED812D9CB745}.Debug|iPhoneSimulator.Deploy.0 = Debug|x64
		{1C61DC5C-2E2E-44B3-886F-ED812D9CB745}.Debug|x64.ActiveCfg = Debug|x64
		{1C61DC5C-2E2E-44B3-886F-ED812D9CB745}.Debug|x64.Build.0 = Debug|x64
		{1C61DC5C-2E2E-44B3-886F-ED812D9CB745}.Debug|x64.Deploy.0 = Debug|x64
		{1C61DC5C-2E2E-44B3-886F-ED812D9CB745}.Debug|x86.ActiveCfg = Debug|x86
		{1C61DC5C-2E2E-44B3-886F-ED812D9CB745}.Debug|x86.Build.0 = Debug|x86
		{1C61DC5C-2E2E-44B3-886F-ED812D9CB745}.Debug|x86.Deploy.0 = Debug|x86
		{1C61DC5C-2E2E-44B3-886F-ED812D9CB745}.Release|Any CPU.ActiveCfg = Release|x64
		{1C61DC5C-2E2E-44B3-886F-ED812D9CB745}.Release|Any CPU.Build.0 = Release|x64
		{1C61DC5C-2E2E-44B3-886F-ED812D9CB745}.Release|Any CPU.Deploy.0 = Release|x64
		{1C61DC5C-2E2E-44B3-886F-ED812D9CB745}.Release|ARM.ActiveCfg = Release|ARM
		{1C61DC5C-2E2E-44B3-886F-ED812D9CB745}.Release|ARM.Build.0 = Release|ARM
		{1C61DC5C-2E2E-44B3-886F-ED812D9CB745}.Release|ARM.Deploy.0 = Release|ARM
		{1C61DC5C-2E2E-44B3-886F-ED812D9CB745}.Release|iPhone.ActiveCfg = Release|x64
		{1C61DC5C-2E2E-44B3-886F-ED812D9CB745}.Release|iPhone.Build.0 = Release|x64
		{1C61DC5C-2E2E-44B3-886F-ED812D9CB745}.Release|iPhone.Deploy.0 = Release|x64
		{1C61DC5C-2E2E-44B3-886F-ED812D9CB745}.Release|iPhoneSimulator.ActiveCfg = Release|x64
		{1C61DC5C-2E2E-44B3-886F-ED812D9CB745}.Release|iPhoneSimulator.Build.0 = Release|x64
		{1C61DC5C-2E2E-44B3-886F-ED812D9CB745}.Release|iPhoneSimulator.Deploy.0 = Release|x64
		{1C61DC5C-2E2E-44B3-886F-ED812D9CB745}.Release|x64.ActiveCfg = Release|x64
		{1C61DC5C-2E2E-44B3-886F-ED812D9CB745}.Release|x64.Build.0 = Release|x64
		{1C61DC5C-2E2E-44B3-886F-ED812D9CB745}.Release|x64.Deploy.0 = Release|x64
		{1C61DC5C-2E2E-44B3-886F-ED812D9CB745}.Release|x86.ActiveCfg = Release|x86
		{1C61DC5C-2E2E-44B3-886F-ED812D9CB745}.Release|x86.Build.0 = Release|x86
		{1C61DC5C-2E2E-44B3-886F-ED812D9CB745}.Release|x86.Deploy.0 = Release|x86
		{522D7C6B-B387-4D6D-BEE0-B37B070DCCA2}.Debug|Any CPU.ActiveCfg = Debug|Any CPU
		{522D7C6B-B387-4D6D-BEE0-B37B070DCCA2}.Debug|Any CPU.Build.0 = Debug|Any CPU
		{522D7C6B-B387-4D6D-BEE0-B37B070DCCA2}.Debug|Any CPU.Deploy.0 = Debug|Any CPU
		{522D7C6B-B387-4D6D-BEE0-B37B070DCCA2}.Debug|ARM.ActiveCfg = Debug|Any CPU
		{522D7C6B-B387-4D6D-BEE0-B37B070DCCA2}.Debug|ARM.Build.0 = Debug|Any CPU
		{522D7C6B-B387-4D6D-BEE0-B37B070DCCA2}.Debug|ARM.Deploy.0 = Debug|Any CPU
		{522D7C6B-B387-4D6D-BEE0-B37B070DCCA2}.Debug|iPhone.ActiveCfg = Debug|Any CPU
		{522D7C6B-B387-4D6D-BEE0-B37B070DCCA2}.Debug|iPhone.Build.0 = Debug|Any CPU
		{522D7C6B-B387-4D6D-BEE0-B37B070DCCA2}.Debug|iPhone.Deploy.0 = Debug|Any CPU
		{522D7C6B-B387-4D6D-BEE0-B37B070DCCA2}.Debug|iPhoneSimulator.ActiveCfg = Debug|Any CPU
		{522D7C6B-B387-4D6D-BEE0-B37B070DCCA2}.Debug|iPhoneSimulator.Build.0 = Debug|Any CPU
		{522D7C6B-B387-4D6D-BEE0-B37B070DCCA2}.Debug|iPhoneSimulator.Deploy.0 = Debug|Any CPU
		{522D7C6B-B387-4D6D-BEE0-B37B070DCCA2}.Debug|x64.ActiveCfg = Debug|Any CPU
		{522D7C6B-B387-4D6D-BEE0-B37B070DCCA2}.Debug|x64.Build.0 = Debug|Any CPU
		{522D7C6B-B387-4D6D-BEE0-B37B070DCCA2}.Debug|x64.Deploy.0 = Debug|Any CPU
		{522D7C6B-B387-4D6D-BEE0-B37B070DCCA2}.Debug|x86.ActiveCfg = Debug|Any CPU
		{522D7C6B-B387-4D6D-BEE0-B37B070DCCA2}.Debug|x86.Build.0 = Debug|Any CPU
		{522D7C6B-B387-4D6D-BEE0-B37B070DCCA2}.Debug|x86.Deploy.0 = Debug|Any CPU
		{522D7C6B-B387-4D6D-BEE0-B37B070DCCA2}.Release|Any CPU.ActiveCfg = Release|Any CPU
		{522D7C6B-B387-4D6D-BEE0-B37B070DCCA2}.Release|Any CPU.Build.0 = Release|Any CPU
		{522D7C6B-B387-4D6D-BEE0-B37B070DCCA2}.Release|Any CPU.Deploy.0 = Release|Any CPU
		{522D7C6B-B387-4D6D-BEE0-B37B070DCCA2}.Release|ARM.ActiveCfg = Release|Any CPU
		{522D7C6B-B387-4D6D-BEE0-B37B070DCCA2}.Release|ARM.Build.0 = Release|Any CPU
		{522D7C6B-B387-4D6D-BEE0-B37B070DCCA2}.Release|ARM.Deploy.0 = Release|Any CPU
		{522D7C6B-B387-4D6D-BEE0-B37B070DCCA2}.Release|iPhone.ActiveCfg = Release|Any CPU
		{522D7C6B-B387-4D6D-BEE0-B37B070DCCA2}.Release|iPhone.Build.0 = Release|Any CPU
		{522D7C6B-B387-4D6D-BEE0-B37B070DCCA2}.Release|iPhone.Deploy.0 = Release|Any CPU
		{522D7C6B-B387-4D6D-BEE0-B37B070DCCA2}.Release|iPhoneSimulator.ActiveCfg = Release|Any CPU
		{522D7C6B-B387-4D6D-BEE0-B37B070DCCA2}.Release|iPhoneSimulator.Build.0 = Release|Any CPU
		{522D7C6B-B387-4D6D-BEE0-B37B070DCCA2}.Release|iPhoneSimulator.Deploy.0 = Release|Any CPU
		{522D7C6B-B387-4D6D-BEE0-B37B070DCCA2}.Release|x64.ActiveCfg = Release|Any CPU
		{522D7C6B-B387-4D6D-BEE0-B37B070DCCA2}.Release|x64.Build.0 = Release|Any CPU
		{522D7C6B-B387-4D6D-BEE0-B37B070DCCA2}.Release|x64.Deploy.0 = Release|Any CPU
		{522D7C6B-B387-4D6D-BEE0-B37B070DCCA2}.Release|x86.ActiveCfg = Release|Any CPU
		{522D7C6B-B387-4D6D-BEE0-B37B070DCCA2}.Release|x86.Build.0 = Release|Any CPU
		{522D7C6B-B387-4D6D-BEE0-B37B070DCCA2}.Release|x86.Deploy.0 = Release|Any CPU
		{AE85216C-3C90-4769-B8F2-A4197DFA643B}.Debug|Any CPU.ActiveCfg = Debug|iPhoneSimulator
		{AE85216C-3C90-4769-B8F2-A4197DFA643B}.Debug|Any CPU.Build.0 = Debug|iPhoneSimulator
		{AE85216C-3C90-4769-B8F2-A4197DFA643B}.Debug|Any CPU.Deploy.0 = Debug|iPhoneSimulator
		{AE85216C-3C90-4769-B8F2-A4197DFA643B}.Debug|ARM.ActiveCfg = Debug|iPhoneSimulator
		{AE85216C-3C90-4769-B8F2-A4197DFA643B}.Debug|ARM.Build.0 = Debug|iPhoneSimulator
		{AE85216C-3C90-4769-B8F2-A4197DFA643B}.Debug|ARM.Deploy.0 = Debug|iPhoneSimulator
		{AE85216C-3C90-4769-B8F2-A4197DFA643B}.Debug|iPhone.ActiveCfg = Debug|iPhone
		{AE85216C-3C90-4769-B8F2-A4197DFA643B}.Debug|iPhone.Build.0 = Debug|iPhone
		{AE85216C-3C90-4769-B8F2-A4197DFA643B}.Debug|iPhone.Deploy.0 = Debug|iPhone
		{AE85216C-3C90-4769-B8F2-A4197DFA643B}.Debug|iPhoneSimulator.ActiveCfg = Debug|iPhoneSimulator
		{AE85216C-3C90-4769-B8F2-A4197DFA643B}.Debug|iPhoneSimulator.Build.0 = Debug|iPhoneSimulator
		{AE85216C-3C90-4769-B8F2-A4197DFA643B}.Debug|iPhoneSimulator.Deploy.0 = Debug|iPhoneSimulator
		{AE85216C-3C90-4769-B8F2-A4197DFA643B}.Debug|x64.ActiveCfg = Debug|iPhone
		{AE85216C-3C90-4769-B8F2-A4197DFA643B}.Debug|x64.Build.0 = Debug|iPhone
		{AE85216C-3C90-4769-B8F2-A4197DFA643B}.Debug|x64.Deploy.0 = Debug|iPhone
		{AE85216C-3C90-4769-B8F2-A4197DFA643B}.Debug|x86.ActiveCfg = Debug|iPhoneSimulator
		{AE85216C-3C90-4769-B8F2-A4197DFA643B}.Debug|x86.Build.0 = Debug|iPhoneSimulator
		{AE85216C-3C90-4769-B8F2-A4197DFA643B}.Debug|x86.Deploy.0 = Debug|iPhoneSimulator
		{AE85216C-3C90-4769-B8F2-A4197DFA643B}.Release|Any CPU.ActiveCfg = Release|iPhoneSimulator
		{AE85216C-3C90-4769-B8F2-A4197DFA643B}.Release|Any CPU.Build.0 = Release|iPhoneSimulator
		{AE85216C-3C90-4769-B8F2-A4197DFA643B}.Release|Any CPU.Deploy.0 = Release|iPhoneSimulator
		{AE85216C-3C90-4769-B8F2-A4197DFA643B}.Release|ARM.ActiveCfg = Release|iPhoneSimulator
		{AE85216C-3C90-4769-B8F2-A4197DFA643B}.Release|ARM.Build.0 = Release|iPhoneSimulator
		{AE85216C-3C90-4769-B8F2-A4197DFA643B}.Release|ARM.Deploy.0 = Release|iPhoneSimulator
		{AE85216C-3C90-4769-B8F2-A4197DFA643B}.Release|iPhone.ActiveCfg = Release|iPhone
		{AE85216C-3C90-4769-B8F2-A4197DFA643B}.Release|iPhone.Build.0 = Release|iPhone
		{AE85216C-3C90-4769-B8F2-A4197DFA643B}.Release|iPhone.Deploy.0 = Release|iPhone
		{AE85216C-3C90-4769-B8F2-A4197DFA643B}.Release|iPhoneSimulator.ActiveCfg = Release|iPhoneSimulator
		{AE85216C-3C90-4769-B8F2-A4197DFA643B}.Release|iPhoneSimulator.Build.0 = Release|iPhoneSimulator
		{AE85216C-3C90-4769-B8F2-A4197DFA643B}.Release|iPhoneSimulator.Deploy.0 = Release|iPhoneSimulator
		{AE85216C-3C90-4769-B8F2-A4197DFA643B}.Release|x64.ActiveCfg = Release|iPhoneSimulator
		{AE85216C-3C90-4769-B8F2-A4197DFA643B}.Release|x64.Build.0 = Release|iPhoneSimulator
		{AE85216C-3C90-4769-B8F2-A4197DFA643B}.Release|x64.Deploy.0 = Release|iPhoneSimulator
		{AE85216C-3C90-4769-B8F2-A4197DFA643B}.Release|x86.ActiveCfg = Release|iPhoneSimulator
		{AE85216C-3C90-4769-B8F2-A4197DFA643B}.Release|x86.Build.0 = Release|iPhoneSimulator
		{AE85216C-3C90-4769-B8F2-A4197DFA643B}.Release|x86.Deploy.0 = Release|iPhoneSimulator
		{AAEF5AA3-45EB-4464-9212-6A3E834DD21E}.Debug|Any CPU.ActiveCfg = Debug|Any CPU
		{AAEF5AA3-45EB-4464-9212-6A3E834DD21E}.Debug|Any CPU.Build.0 = Debug|Any CPU
		{AAEF5AA3-45EB-4464-9212-6A3E834DD21E}.Debug|Any CPU.Deploy.0 = Debug|Any CPU
		{AAEF5AA3-45EB-4464-9212-6A3E834DD21E}.Debug|ARM.ActiveCfg = Debug|Any CPU
		{AAEF5AA3-45EB-4464-9212-6A3E834DD21E}.Debug|ARM.Build.0 = Debug|Any CPU
		{AAEF5AA3-45EB-4464-9212-6A3E834DD21E}.Debug|ARM.Deploy.0 = Debug|Any CPU
		{AAEF5AA3-45EB-4464-9212-6A3E834DD21E}.Debug|iPhone.ActiveCfg = Debug|Any CPU
		{AAEF5AA3-45EB-4464-9212-6A3E834DD21E}.Debug|iPhone.Build.0 = Debug|Any CPU
		{AAEF5AA3-45EB-4464-9212-6A3E834DD21E}.Debug|iPhone.Deploy.0 = Debug|Any CPU
		{AAEF5AA3-45EB-4464-9212-6A3E834DD21E}.Debug|iPhoneSimulator.ActiveCfg = Debug|Any CPU
		{AAEF5AA3-45EB-4464-9212-6A3E834DD21E}.Debug|iPhoneSimulator.Build.0 = Debug|Any CPU
		{AAEF5AA3-45EB-4464-9212-6A3E834DD21E}.Debug|iPhoneSimulator.Deploy.0 = Debug|Any CPU
		{AAEF5AA3-45EB-4464-9212-6A3E834DD21E}.Debug|x64.ActiveCfg = Debug|Any CPU
		{AAEF5AA3-45EB-4464-9212-6A3E834DD21E}.Debug|x64.Build.0 = Debug|Any CPU
		{AAEF5AA3-45EB-4464-9212-6A3E834DD21E}.Debug|x64.Deploy.0 = Debug|Any CPU
		{AAEF5AA3-45EB-4464-9212-6A3E834DD21E}.Debug|x86.ActiveCfg = Debug|Any CPU
		{AAEF5AA3-45EB-4464-9212-6A3E834DD21E}.Debug|x86.Build.0 = Debug|Any CPU
		{AAEF5AA3-45EB-4464-9212-6A3E834DD21E}.Debug|x86.Deploy.0 = Debug|Any CPU
		{AAEF5AA3-45EB-4464-9212-6A3E834DD21E}.Release|Any CPU.ActiveCfg = Release|Any CPU
		{AAEF5AA3-45EB-4464-9212-6A3E834DD21E}.Release|Any CPU.Build.0 = Release|Any CPU
		{AAEF5AA3-45EB-4464-9212-6A3E834DD21E}.Release|Any CPU.Deploy.0 = Release|Any CPU
		{AAEF5AA3-45EB-4464-9212-6A3E834DD21E}.Release|ARM.ActiveCfg = Release|Any CPU
		{AAEF5AA3-45EB-4464-9212-6A3E834DD21E}.Release|ARM.Build.0 = Release|Any CPU
		{AAEF5AA3-45EB-4464-9212-6A3E834DD21E}.Release|ARM.Deploy.0 = Release|Any CPU
		{AAEF5AA3-45EB-4464-9212-6A3E834DD21E}.Release|iPhone.ActiveCfg = Release|Any CPU
		{AAEF5AA3-45EB-4464-9212-6A3E834DD21E}.Release|iPhone.Build.0 = Release|Any CPU
		{AAEF5AA3-45EB-4464-9212-6A3E834DD21E}.Release|iPhone.Deploy.0 = Release|Any CPU
		{AAEF5AA3-45EB-4464-9212-6A3E834DD21E}.Release|iPhoneSimulator.ActiveCfg = Release|Any CPU
		{AAEF5AA3-45EB-4464-9212-6A3E834DD21E}.Release|iPhoneSimulator.Build.0 = Release|Any CPU
		{AAEF5AA3-45EB-4464-9212-6A3E834DD21E}.Release|iPhoneSimulator.Deploy.0 = Release|Any CPU
		{AAEF5AA3-45EB-4464-9212-6A3E834DD21E}.Release|x64.ActiveCfg = Release|Any CPU
		{AAEF5AA3-45EB-4464-9212-6A3E834DD21E}.Release|x64.Build.0 = Release|Any CPU
		{AAEF5AA3-45EB-4464-9212-6A3E834DD21E}.Release|x64.Deploy.0 = Release|Any CPU
		{AAEF5AA3-45EB-4464-9212-6A3E834DD21E}.Release|x86.ActiveCfg = Release|Any CPU
		{AAEF5AA3-45EB-4464-9212-6A3E834DD21E}.Release|x86.Build.0 = Release|Any CPU
		{AAEF5AA3-45EB-4464-9212-6A3E834DD21E}.Release|x86.Deploy.0 = Release|Any CPU
		{89AA7C10-54BC-4B8B-A504-AF67A1814468}.Debug|Any CPU.ActiveCfg = Debug|Any CPU
		{89AA7C10-54BC-4B8B-A504-AF67A1814468}.Debug|Any CPU.Build.0 = Debug|Any CPU
		{89AA7C10-54BC-4B8B-A504-AF67A1814468}.Debug|ARM.ActiveCfg = Debug|Any CPU
		{89AA7C10-54BC-4B8B-A504-AF67A1814468}.Debug|ARM.Build.0 = Debug|Any CPU
		{89AA7C10-54BC-4B8B-A504-AF67A1814468}.Debug|iPhone.ActiveCfg = Debug|Any CPU
		{89AA7C10-54BC-4B8B-A504-AF67A1814468}.Debug|iPhone.Build.0 = Debug|Any CPU
		{89AA7C10-54BC-4B8B-A504-AF67A1814468}.Debug|iPhoneSimulator.ActiveCfg = Debug|Any CPU
		{89AA7C10-54BC-4B8B-A504-AF67A1814468}.Debug|iPhoneSimulator.Build.0 = Debug|Any CPU
		{89AA7C10-54BC-4B8B-A504-AF67A1814468}.Debug|x64.ActiveCfg = Debug|Any CPU
		{89AA7C10-54BC-4B8B-A504-AF67A1814468}.Debug|x64.Build.0 = Debug|Any CPU
		{89AA7C10-54BC-4B8B-A504-AF67A1814468}.Debug|x86.ActiveCfg = Debug|Any CPU
		{89AA7C10-54BC-4B8B-A504-AF67A1814468}.Debug|x86.Build.0 = Debug|Any CPU
		{89AA7C10-54BC-4B8B-A504-AF67A1814468}.Release|Any CPU.ActiveCfg = Release|Any CPU
		{89AA7C10-54BC-4B8B-A504-AF67A1814468}.Release|Any CPU.Build.0 = Release|Any CPU
		{89AA7C10-54BC-4B8B-A504-AF67A1814468}.Release|ARM.ActiveCfg = Release|Any CPU
		{89AA7C10-54BC-4B8B-A504-AF67A1814468}.Release|ARM.Build.0 = Release|Any CPU
		{89AA7C10-54BC-4B8B-A504-AF67A1814468}.Release|iPhone.ActiveCfg = Release|Any CPU
		{89AA7C10-54BC-4B8B-A504-AF67A1814468}.Release|iPhone.Build.0 = Release|Any CPU
		{89AA7C10-54BC-4B8B-A504-AF67A1814468}.Release|iPhoneSimulator.ActiveCfg = Release|Any CPU
		{89AA7C10-54BC-4B8B-A504-AF67A1814468}.Release|iPhoneSimulator.Build.0 = Release|Any CPU
		{89AA7C10-54BC-4B8B-A504-AF67A1814468}.Release|x64.ActiveCfg = Release|Any CPU
		{89AA7C10-54BC-4B8B-A504-AF67A1814468}.Release|x64.Build.0 = Release|Any CPU
		{89AA7C10-54BC-4B8B-A504-AF67A1814468}.Release|x86.ActiveCfg = Release|Any CPU
		{89AA7C10-54BC-4B8B-A504-AF67A1814468}.Release|x86.Build.0 = Release|Any CPU
	EndGlobalSection
	GlobalSection(SolutionProperties) = preSolution
		HideSolutionNode = FALSE
	EndGlobalSection
	GlobalSection(ExtensibilityGlobals) = postSolution
		SolutionGuid = {B09C9409-2BCB-4B86-B394-5C50B7358663}
	EndGlobalSection
EndGlobal
